
Microsoft Visual Studio Solution File, Format Version 12.00
# Visual Studio Version 17
VisualStudioVersion = 17.4.33213.308
MinimumVisualStudioVersion = 10.0.40219.1
Project("{FAE04EC0-301F-11D3-BF4B-00C04F79EFBC}") = "ChinookApp", "ChinookApp\ChinookApp.csproj", "{CEC330FD-BCC3-45C7-8189-E6749BDDB192}"
EndProject
Global
	GlobalSection(SolutionConfigurationPlatforms) = preSolution
		Debug|Any CPU = Debug|Any CPU
		Release|Any CPU = Release|Any CPU
	EndGlobalSection
	GlobalSection(ProjectConfigurationPlatforms) = postSolution
		{CEC330FD-BCC3-45C7-8189-E6749BDDB192}.Debug|Any CPU.ActiveCfg = Debug|Any CPU
		{CEC330FD-BCC3-45C7-8189-E6749BDDB192}.Debug|Any CPU.Build.0 = Debug|Any CPU
		{CEC330FD-BCC3-45C7-8189-E6749BDDB192}.Release|Any CPU.ActiveCfg = Release|Any CPU
		{CEC330FD-BCC3-45C7-8189-E6749BDDB192}.Release|Any CPU.Build.0 = Release|Any CPU
	EndGlobalSection
	GlobalSection(SolutionProperties) = preSolution
		HideSolutionNode = FALSE
	EndGlobalSection
	GlobalSection(ExtensibilityGlobals) = postSolution
		SolutionGuid = {3FDFBB1C-14A5-4200-9947-4AEE6879DEEE}
	EndGlobalSection
EndGlobal
